lockfileVersion: 5.3

specifiers:
  chalk: 4.1.2
  yorkie: ^2.0.0

devDependencies:
  chalk: 4.1.2
  yorkie: 2.0.0

packages:

  /ansi-styles/4.3.0:
    resolution: {integrity: sha512-zbB9rCJAT1rbjiVDb2hqKFHNYLxgtk8NURxZ3IZwD3F6NtxbXZQCnnSi1Lkx+IDohdPlFp222wVALIheZJQSEg==}
    engines: {node: '>=8'}
    dependencies:
      color-convert: 2.0.1
    dev: true

  /chalk/4.1.2:
    resolution: {integrity: sha512-oKnbhFyRIXpUuez8iBMmyEa4nbj4IOQyuhc/wy9kY7/WVPcwIO9VA668Pu8RkO7+0G76SLROeyw9CpQ061i4mA==}
    engines: {node: '>=10'}
    dependencies:
      ansi-styles: 4.3.0
      supports-color: 7.2.0
    dev: true

  /ci-info/1.6.0:
    resolution: {integrity: sha512-vsGdkwSCDpWmP80ncATX7iea5DWQemg1UgCW5J8tqjU3lYw4FBYuj89J0CTVomA7BEfvSZd84GmHko+MxFQU2A==}
    dev: true

  /color-convert/2.0.1:
    resolution: {integrity: sha512-RRECPsj7iu/xb5oKYcsFHSppFNnsj/52OVTRKb4zP5onXwVF3zVmmToNcOfGC+CRDpfK/U584fMg38ZHCaElKQ==}
    engines: {node: '>=7.0.0'}
    dependencies:
      color-name: 1.1.4
    dev: true

  /color-name/1.1.4:
    resolution: {integrity: sha512-dOy+3AuW3a2wNbZHIuMZpTcgjGuLU/uBL/ubcZF9OXbDo8ff4O8yVp5Bf0efS8uEoYo5q4Fx7dY9OgQGXgAsQA==}
    dev: true

  /cross-spawn/5.1.0:
    resolution: {integrity: sha1-6L0O/uWPz/b4+UUQoKVUu/ojVEk=}
    dependencies:
      lru-cache: 4.1.5
      shebang-command: 1.2.0
      which: 1.3.1
    dev: true

  /execa/0.8.0:
    resolution: {integrity: sha1-2NdrvBtVIX7RkP1t1J08d07PyNo=}
    engines: {node: '>=4'}
    dependencies:
      cross-spawn: 5.1.0
      get-stream: 3.0.0
      is-stream: 1.1.0
      npm-run-path: 2.0.2
      p-finally: 1.0.0
      signal-exit: 3.0.7
      strip-eof: 1.0.0
    dev: true

  /get-stream/3.0.0:
    resolution: {integrity: sha1-jpQ9E1jcN1VQVOy+LtsFqhdO3hQ=}
    engines: {node: '>=4'}
    dev: true

  /has-flag/4.0.0:
    resolution: {integrity: sha512-EykJT/Q1KjTWctppgIAgfSO0tKVuZUjhgMr17kqTumMl6Afv3EISleU7qZUzoXDFTAHTDC4NOoG/ZxU3EvlMPQ==}
    engines: {node: '>=8'}
    dev: true

  /is-ci/1.2.1:
    resolution: {integrity: sha512-s6tfsaQaQi3JNciBH6shVqEDvhGut0SUXr31ag8Pd8BBbVVlcGfWhpPmEOoM6RJ5TFhbypvf5yyRw/VXW1IiWg==}
    hasBin: true
    dependencies:
      ci-info: 1.6.0
    dev: true

  /is-stream/1.1.0:
    resolution: {integrity: sha1-EtSj3U5o4Lec6428hBc66A2RykQ=}
    engines: {node: '>=0.10.0'}
    dev: true

  /isexe/2.0.0:
    resolution: {integrity: sha1-6PvzdNxVb/iUehDcsFctYz8s+hA=}
    dev: true

  /lru-cache/4.1.5:
    resolution: {integrity: sha512-sWZlbEP2OsHNkXrMl5GYk/jKk70MBng6UU4YI/qGDYbgf6YbP4EvmqISbXCoJiRKs+1bSpFHVgQxvJ17F2li5g==}
    dependencies:
      pseudomap: 1.0.2
      yallist: 2.1.2
    dev: true

  /normalize-path/1.0.0:
    resolution: {integrity: sha1-MtDkcvkf80VwHBWoMRAY07CpA3k=}
    engines: {node: '>=0.10.0'}
    dev: true

  /npm-run-path/2.0.2:
    resolution: {integrity: sha1-NakjLfo11wZ7TLLd8jV7GHFTbF8=}
    engines: {node: '>=4'}
    dependencies:
      path-key: 2.0.1
    dev: true

  /p-finally/1.0.0:
    resolution: {integrity: sha1-P7z7FbiZpEEjs0ttzBi3JDNqLK4=}
    engines: {node: '>=4'}
    dev: true

  /path-key/2.0.1:
    resolution: {integrity: sha1-QRyttXTFoUDTpLGRDUDYDMn0C0A=}
    engines: {node: '>=4'}
    dev: true

  /pseudomap/1.0.2:
    resolution: {integrity: sha1-8FKijacOYYkX7wqKw0wa5aaChrM=}
    dev: true

  /shebang-command/1.2.0:
    resolution: {integrity: sha1-RKrGW2lbAzmJaMOfNj/uXer98eo=}
    engines: {node: '>=0.10.0'}
    dependencies:
      shebang-regex: 1.0.0
    dev: true

  /shebang-regex/1.0.0:
    resolution: {integrity: sha1-2kL0l0DAtC2yypcoVxyxkMmO/qM=}
    engines: {node: '>=0.10.0'}
    dev: true

  /signal-exit/3.0.7:
    resolution: {integrity: sha512-wnD2ZE+l+SPC/uoS0vXeE9L1+0wuaMqKlfz9AMUo38JsyLSBWSFcHR1Rri62LZc12vLr1gb3jl7iwQhgwpAbGQ==}
    dev: true

  /strip-eof/1.0.0:
    resolution: {integrity: sha1-u0P/VZim6wXYm1n80SnJgzE2Br8=}
    engines: {node: '>=0.10.0'}
    dev: true

  /strip-indent/2.0.0:
    resolution: {integrity: sha1-XvjbKV0B5u1sv3qrlpmNeCJSe2g=}
    engines: {node: '>=4'}
    dev: true

  /supports-color/7.2.0:
    resolution: {integrity: sha512-qpCAvRl9stuOHveKsn7HncJRvv501qIacKzQlO/+Lwxc9+0q2wLyv4Dfvt80/DPn2pqOBsJdDiogXGR9+OvwRw==}
    engines: {node: '>=8'}
    dependencies:
      has-flag: 4.0.0
    dev: true

  /which/1.3.1:
    resolution: {integrity: sha512-HxJdYWq1MTIQbJ3nw0cqssHoTNU267KlrDuGZ1WYlxDStUtKUhOaJmh112/TZmHxxUfuJqPXSOm7tDyas0OSIQ==}
    hasBin: true
    dependencies:
      isexe: 2.0.0
    dev: true

  /yallist/2.1.2:
    resolution: {integrity: sha1-HBH5IY8HYImkfdUS+TxmmaaoHVI=}
    dev: true

  /yorkie/2.0.0:
    resolution: {integrity: sha512-jcKpkthap6x63MB4TxwCyuIGkV0oYP/YRyuQU5UO0Yz/E/ZAu+653/uov+phdmO54n6BcvFRyyt0RRrWdN2mpw==}
    engines: {node: '>=4'}
    requiresBuild: true
    dependencies:
      execa: 0.8.0
      is-ci: 1.2.1
      normalize-path: 1.0.0
      strip-indent: 2.0.0
    dev: true
